
Microsoft Visual Studio Solution File, Format Version 12.00
# Visual Studio Version 16
VisualStudioVersion = 16.0.32106.194
MinimumVisualStudioVersion = 10.0.40219.1
Project("{FAE04EC0-301F-11D3-BF4B-00C04F79EFBC}") = "MathLibraryProject", "MathLibraryProject\MathLibraryProject.csproj", "{C912645E-5089-411D-889A-2E2A535BD878}"
EndProject
Global
	GlobalSection(SolutionConfigurationPlatforms) = preSolution
		Debug|Any CPU = Debug|Any CPU
		Release|Any CPU = Release|Any CPU
	EndGlobalSection
	GlobalSection(ProjectConfigurationPlatforms) = postSolution
		{C912645E-5089-411D-889A-2E2A535BD878}.Debug|Any CPU.ActiveCfg = Debug|Any CPU
		{C912645E-5089-411D-889A-2E2A535BD878}.Debug|Any CPU.Build.0 = Debug|Any CPU
		{C912645E-5089-411D-889A-2E2A535BD878}.Release|Any CPU.ActiveCfg = Release|Any CPU
		{C912645E-5089-411D-889A-2E2A535BD878}.Release|Any CPU.Build.0 = Release|Any CPU
	EndGlobalSection
	GlobalSection(SolutionProperties) = preSolution
		HideSolutionNode = FALSE
	EndGlobalSection
	GlobalSection(ExtensibilityGlobals) = postSolution
		SolutionGuid = {06186103-71B7-400B-8A7B-C6E732C41C1F}
	EndGlobalSection
EndGlobal
